// !$*UTF8*$!
{
	archiveVersion = 1;
	classes = {
	};
	objectVersion = 50;
	objects = {

/* Begin PBXBuildFile section */
		9F4D4922214280D90088B0AD /* AppDelegate.swift in Sources */ = {isa = PBXBuildFile; fileRef = 9F4D4921214280D90088B0AD /* AppDelegate.swift */; };
		9F4D4924214280D90088B0AD /* ViewController.swift in Sources */ = {isa = PBXBuildFile; fileRef = 9F4D4923214280D90088B0AD /* ViewController.swift */; };
		9F4D4927214280D90088B0AD /* Main.storyboard in Resources */ = {isa = PBXBuildFile; fileRef = 9F4D4925214280D90088B0AD /* Main.storyboard */; };
		9F4D4929214280DA0088B0AD /* Assets.xcassets in Resources */ = {isa = PBXBuildFile; fileRef = 9F4D4928214280DA0088B0AD /* Assets.xcassets */; };
		9F4D492C214280DA0088B0AD /* LaunchScreen.storyboard in Resources */ = {isa = PBXBuildFile; fileRef = 9F4D492A214280DA0088B0AD /* LaunchScreen.storyboard */; };
		9F4D4937214280DA0088B0AD /* SampleApplicationTests.swift in Sources */ = {isa = PBXBuildFile; fileRef = 9F4D4936214280DA0088B0AD /* SampleApplicationTests.swift */; };
		9F4D4942214280DA0088B0AD /* SampleApplicationUITests.swift in Sources */ = {isa = PBXBuildFile; fileRef = 9F4D4941214280DA0088B0AD /* SampleApplicationUITests.swift */; };
/* End PBXBuildFile section */

/* Begin PBXContainerItemProxy section */
		9F4D4933214280DA0088B0AD /* PBXContainerItemProxy */ = {
			isa = PBXContainerItemProxy;
			containerPortal = 9F4D4916214280D90088B0AD /* Project object */;
			proxyType = 1;
			remoteGlobalIDString = 9F4D491D214280D90088B0AD;
			remoteInfo = SampleApplication;
		};
		9F4D493E214280DA0088B0AD /* PBXContainerItemProxy */ = {
			isa = PBXContainerItemProxy;
			containerPortal = 9F4D4916214280D90088B0AD /* Project object */;
			proxyType = 1;
			remoteGlobalIDString = 9F4D491D214280D90088B0AD;
			remoteInfo = SampleApplication;
		};
/* End PBXContainerItemProxy section */

/* Begin PBXFileReference section */
		9F4D491E214280D90088B0AD /* SampleApplication.app */ = {isa = PBXFileReference; explicitFileType = wrapper.application; includeInIndex = 0; path = SampleApplication.app; sourceTree = BUILT_PRODUCTS_DIR; };
		9F4D4921214280D90088B0AD /* AppDelegate.swift */ = {isa = PBXFileReference; lastKnownFileType = sourcecode.swift; path = AppDelegate.swift; sourceTree = "<group>"; };
		9F4D4923214280D90088B0AD /* ViewController.swift */ = {isa = PBXFileReference; lastKnownFileType = sourcecode.swift; path = ViewController.swift; sourceTree = "<group>"; };
		9F4D4926214280D90088B0AD /* Base */ = {isa = PBXFileReference; lastKnownFileType = file.storyboard; name = Base; path = Base.lproj/Main.storyboard; sourceTree = "<group>"; };
		9F4D4928214280DA0088B0AD /* Assets.xcassets */ = {isa = PBXFileReference; lastKnownFileType = folder.assetcatalog; path = Assets.xcassets; sourceTree = "<group>"; };
		9F4D492B214280DA0088B0AD /* Base */ = {isa = PBXFileReference; lastKnownFileType = file.storyboard; name = Base; path = Base.lproj/LaunchScreen.storyboard; sourceTree = "<group>"; };
		9F4D492D214280DA0088B0AD /* Info.plist */ = {isa = PBXFileReference; lastKnownFileType = text.plist.xml; path = Info.plist; sourceTree = "<group>"; };
		9F4D4932214280DA0088B0AD /* SampleApplicationTests.xctest */ = {isa = PBXFileReference; explicitFileType = wrapper.cfbundle; includeInIndex = 0; path = SampleApplicationTests.xctest; sourceTree = BUILT_PRODUCTS_DIR; };
		9F4D4936214280DA0088B0AD /* SampleApplicationTests.swift */ = {isa = PBXFileReference; lastKnownFileType = sourcecode.swift; path = SampleApplicationTests.swift; sourceTree = "<group>"; };
		9F4D4938214280DA0088B0AD /* Info.plist */ = {isa = PBXFileReference; lastKnownFileType = text.plist.xml; path = Info.plist; sourceTree = "<group>"; };
		9F4D493D214280DA0088B0AD /* SampleApplicationUITests.xctest */ = {isa = PBXFileReference; explicitFileType = wrapper.cfbundle; includeInIndex = 0; path = SampleApplicationUITests.xctest; sourceTree = BUILT_PRODUCTS_DIR; };
		9F4D4941214280DA0088B0AD /* SampleApplicationUITests.swift */ = {isa = PBXFileReference; lastKnownFileType = sourcecode.swift; path = SampleApplicationUITests.swift; sourceTree = "<group>"; };
		9F4D4943214280DA0088B0AD /* Info.plist */ = {isa = PBXFileReference; lastKnownFileType = text.plist.xml; path = Info.plist; sourceTree = "<group>"; };
/* End PBXFileReference section */

/* Begin PBXFrameworksBuildPhase section */
		9F4D491B214280D90088B0AD /* Frameworks */ = {
			isa = PBXFrameworksBuildPhase;
			buildActionMask = 2147483647;
			files = (
			);
			runOnlyForDeploymentPostprocessing = 0;
		};
		9F4D492F214280DA0088B0AD /* Frameworks */ = {
			isa = PBXFrameworksBuildPhase;
			buildActionMask = 2147483647;
			files = (
			);
			runOnlyForDeploymentPostprocessing = 0;
		};
		9F4D493A214280DA0088B0AD /* Frameworks */ = {
			isa = PBXFrameworksBuildPhase;
			buildActionMask = 2147483647;
			files = (
			);
			runOnlyForDeploymentPostprocessing = 0;
		};
/* End PBXFrameworksBuildPhase section */

/* Begin PBXGroup section */
		9F4D4915214280D90088B0AD = {
			isa = PBXGroup;
			children = (
				9F4D4920214280D90088B0AD /* SampleApplication */,
				9F4D4935214280DA0088B0AD /* SampleApplicationTests */,
				9F4D4940214280DA0088B0AD /* SampleApplicationUITests */,
				9F4D491F214280D90088B0AD /* Products */,
			);
			sourceTree = "<group>";
		};
		9F4D491F214280D90088B0AD /* Products */ = {
			isa = PBXGroup;
			children = (
				9F4D491E214280D90088B0AD /* SampleApplication.app */,
				9F4D4932214280DA0088B0AD /* SampleApplicationTests.xctest */,
				9F4D493D214280DA0088B0AD /* SampleApplicationUITests.xctest */,
			);
			name = Products;
			sourceTree = "<group>";
		};
		9F4D4920214280D90088B0AD /* SampleApplication */ = {
			isa = PBXGroup;
			children = (
				9F4D4921214280D90088B0AD /* AppDelegate.swift */,
				9F4D4923214280D90088B0AD /* ViewController.swift */,
				9F4D4925214280D90088B0AD /* Main.storyboard */,
				9F4D4928214280DA0088B0AD /* Assets.xcassets */,
				9F4D492A214280DA0088B0AD /* LaunchScreen.storyboard */,
				9F4D492D214280DA0088B0AD /* Info.plist */,
			);
			path = SampleApplication;
			sourceTree = "<group>";
		};
		9F4D4935214280DA0088B0AD /* SampleApplicationTests */ = {
			isa = PBXGroup;
			children = (
				9F4D4936214280DA0088B0AD /* SampleApplicationTests.swift */,
				9F4D4938214280DA0088B0AD /* Info.plist */,
			);
			path = SampleApplicationTests;
			sourceTree = "<group>";
		};
		9F4D4940214280DA0088B0AD /* SampleApplicationUITests */ = {
			isa = PBXGroup;
			children = (
				9F4D4941214280DA0088B0AD /* SampleApplicationUITests.swift */,
				9F4D4943214280DA0088B0AD /* Info.plist */,
			);
			path = SampleApplicationUITests;
			sourceTree = "<group>";
		};
/* End PBXGroup section */

/* Begin PBXNativeTarget section */
		9F4D491D214280D90088B0AD /* SampleApplication */ = {
			isa = PBXNativeTarget;
			buildConfigurationList = 9F4D4946214280DA0088B0AD /* Build configuration list for PBXNativeTarget "SampleApplication" */;
			buildPhases = (
				9F4D491A214280D90088B0AD /* Sources */,
				9F4D491B214280D90088B0AD /* Frameworks */,
				9F4D491C214280D90088B0AD /* Resources */,
			);
			buildRules = (
			);
			dependencies = (
			);
			name = SampleApplication;
			productName = SampleApplication;
			productReference = 9F4D491E214280D90088B0AD /* SampleApplication.app */;
			productType = "com.apple.product-type.application";
		};
		9F4D4931214280DA0088B0AD /* SampleApplicationTests */ = {
			isa = PBXNativeTarget;
			buildConfigurationList = 9F4D4949214280DA0088B0AD /* Build configuration list for PBXNativeTarget "SampleApplicationTests" */;
			buildPhases = (
				9F4D492E214280DA0088B0AD /* Sources */,
				9F4D492F214280DA0088B0AD /* Frameworks */,
				9F4D4930214280DA0088B0AD /* Resources */,
			);
			buildRules = (
			);
			dependencies = (
				9F4D4934214280DA0088B0AD /* PBXTargetDependency */,
			);
			name = SampleApplicationTests;
			productName = SampleApplicationTests;
			productReference = 9F4D4932214280DA0088B0AD /* SampleApplicationTests.xctest */;
			productType = "com.apple.product-type.bundle.unit-test";
		};
		9F4D493C214280DA0088B0AD /* SampleApplicationUITests */ = {
			isa = PBXNativeTarget;
			buildConfigurationList = 9F4D494C214280DA0088B0AD /* Build configuration list for PBXNativeTarget "SampleApplicationUITests" */;
			buildPhases = (
				9F4D4939214280DA0088B0AD /* Sources */,
				9F4D493A214280DA0088B0AD /* Frameworks */,
				9F4D493B214280DA0088B0AD /* Resources */,
			);
			buildRules = (
			);
			dependencies = (
				9F4D493F214280DA0088B0AD /* PBXTargetDependency */,
			);
			name = SampleApplicationUITests;
			productName = SampleApplicationUITests;
			productReference = 9F4D493D214280DA0088B0AD /* SampleApplicationUITests.xctest */;
			productType = "com.apple.product-type.bundle.ui-testing";
		};
/* End PBXNativeTarget section */

/* Begin PBXProject section */
		9F4D4916214280D90088B0AD /* Project object */ = {
			isa = PBXProject;
			attributes = {
				LastSwiftUpdateCheck = 0940;
				LastUpgradeCheck = 0940;
				ORGANIZATIONNAME = "Sakthivel R";
				TargetAttributes = {
					9F4D491D214280D90088B0AD = {
						CreatedOnToolsVersion = 9.4.1;
					};
					9F4D4931214280DA0088B0AD = {
						CreatedOnToolsVersion = 9.4.1;
						TestTargetID = 9F4D491D214280D90088B0AD;
					};
					9F4D493C214280DA0088B0AD = {
						CreatedOnToolsVersion = 9.4.1;
						TestTargetID = 9F4D491D214280D90088B0AD;
					};
				};
			};
			buildConfigurationList = 9F4D4919214280D90088B0AD /* Build configuration list for PBXProject "SampleApplication" */;
			compatibilityVersion = "Xcode 9.3";
			developmentRegion = en;
			hasScannedForEncodings = 0;
			knownRegions = (
				en,
				Base,
			);
			mainGroup = 9F4D4915214280D90088B0AD;
			productRefGroup = 9F4D491F214280D90088B0AD /* Products */;
			projectDirPath = "";
			projectRoot = "";
			targets = (
				9F4D491D214280D90088B0AD /* SampleApplication */,
				9F4D4931214280DA0088B0AD /* SampleApplicationTests */,
				9F4D493C214280DA0088B0AD /* SampleApplicationUITests */,
			);
		};
/* End PBXProject section */

/* Begin PBXResourcesBuildPhase section */
		9F4D491C214280D90088B0AD /* Resources */ = {
			isa = PBXResourcesBuildPhase;
			buildActionMask = 2147483647;
			files = (
				9F4D492C214280DA0088B0AD /* LaunchScreen.storyboard in Resources */,
				9F4D4929214280DA0088B0AD /* Assets.xcassets in Resources */,
				9F4D4927214280D90088B0AD /* Main.storyboard in Resources */,
			);
			runOnlyForDeploymentPostprocessing = 0;
		};
		9F4D4930214280DA0088B0AD /* Resources */ = {
			isa = PBXResourcesBuildPhase;
			buildActionMask = 2147483647;
			files = (
			);
			runOnlyForDeploymentPostprocessing = 0;
		};
		9F4D493B214280DA0088B0AD /* Resources */ = {
			isa = PBXResourcesBuildPhase;
			buildActionMask = 2147483647;
			files = (
			);
			runOnlyForDeploymentPostprocessing = 0;
		};
/* End PBXResourcesBuildPhase section */

/* Begin PBXSourcesBuildPhase section */
		9F4D491A214280D90088B0AD /* Sources */ = {
			isa = PBXSourcesBuildPhase;
			buildActionMask = 2147483647;
			files = (
				9F4D4924214280D90088B0AD /* ViewController.swift in Sources */,
				9F4D4922214280D90088B0AD /* AppDelegate.swift in Sources */,
			);
			runOnlyForDeploymentPostprocessing = 0;
		};
		9F4D492E214280DA0088B0AD /* Sources */ = {
			isa = PBXSourcesBuildPhase;
			buildActionMask = 2147483647;
			files = (
				9F4D4937214280DA0088B0AD /* SampleApplicationTests.swift in Sources */,
			);
			runOnlyForDeploymentPostprocessing = 0;
		};
		9F4D4939214280DA0088B0AD /* Sources */ = {
			isa = PBXSourcesBuildPhase;
			buildActionMask = 2147483647;
			files = (
				9F4D4942214280DA0088B0AD /* SampleApplicationUITests.swift in Sources */,
			);
			runOnlyForDeploymentPostprocessing = 0;
		};
/* End PBXSourcesBuildPhase section */

/* Begin PBXTargetDependency section */
		9F4D4934214280DA0088B0AD /* PBXTargetDependency */ = {
			isa = PBXTargetDependency;
			target = 9F4D491D214280D90088B0AD /* SampleApplication */;
			targetProxy = 9F4D4933214280DA0088B0AD /* PBXContainerItemProxy */;
		};
		9F4D493F214280DA0088B0AD /* PBXTargetDependency */ = {
			isa = PBXTargetDependency;
			target = 9F4D491D214280D90088B0AD /* SampleApplication */;
			targetProxy = 9F4D493E214280DA0088B0AD /* PBXContainerItemProxy */;
		};
/* End PBXTargetDependency section */

/* Begin PBXVariantGroup section */
		9F4D4925214280D90088B0AD /* Main.storyboard */ = {
			isa = PBXVariantGroup;
			children = (
				9F4D4926214280D90088B0AD /* Base */,
			);
			name = Main.storyboard;
			sourceTree = "<group>";
		};
		9F4D492A214280DA0088B0AD /* LaunchScreen.storyboard */ = {
			isa = PBXVariantGroup;
			children = (
				9F4D492B214280DA0088B0AD /* Base */,
			);
			name = LaunchScreen.storyboard;
			sourceTree = "<group>";
		};
/* End PBXVariantGroup section */

/* Begin XCBuildConfiguration section */
		9F4D4944214280DA0088B0AD /* Debug */ = {
			isa = XCBuildConfiguration;
			buildSettings = {
				ALWAYS_SEARCH_USER_PATHS = NO;
				CLANG_ANALYZER_NONNULL = YES;
				CLANG_ANALYZER_NUMBER_OBJECT_CONVERSION = YES_AGGRESSIVE;
				CLANG_CXX_LANGUAGE_STANDARD = "gnu++14";
				CLANG_CXX_LIBRARY = "libc++";
				CLANG_ENABLE_MODULES = YES;
				CLANG_ENABLE_OBJC_ARC = YES;
				CLANG_ENABLE_OBJC_WEAK = YES;
				CLANG_WARN_BLOCK_CAPTURE_AUTORELEASING = YES;
				CLANG_WARN_BOOL_CONVERSION = YES;
				CLANG_WARN_COMMA = YES;
				CLANG_WARN_CONSTANT_CONVERSION = YES;
				CLANG_WARN_DEPRECATED_OBJC_IMPLEMENTATIONS = YES;
				CLANG_WARN_DIRECT_OBJC_ISA_USAGE = YES_ERROR;
				CLANG_WARN_DOCUMENTATION_COMMENTS = YES;
				CLANG_WARN_EMPTY_BODY = YES;
				CLANG_WARN_ENUM_CONVERSION = YES;
				CLANG_WARN_INFINITE_RECURSION = YES;
				CLANG_WARN_INT_CONVERSION = YES;
				CLANG_WARN_NON_LITERAL_NULL_CONVERSION = YES;
				CLANG_WARN_OBJC_IMPLICIT_RETAIN_SELF = YES;
				CLANG_WARN_OBJC_LITERAL_CONVERSION = YES;
				CLANG_WARN_OBJC_ROOT_CLASS = YES_ERROR;
				CLANG_WARN_RANGE_LOOP_ANALYSIS = YES;
				CLANG_WARN_STRICT_PROTOTYPES = YES;
				CLANG_WARN_SUSPICIOUS_MOVE = YES;
				CLANG_WARN_UNGUARDED_AVAILABILITY = YES_AGGRESSIVE;
				CLANG_WARN_UNREACHABLE_CODE = YES;
				CLANG_WARN__DUPLICATE_METHOD_MATCH = YES;
				CODE_SIGN_IDENTITY = "iPhone Developer";
				COPY_PHASE_STRIP = NO;
				DEBUG_INFORMATION_FORMAT = dwarf;
				ENABLE_STRICT_OBJC_MSGSEND = YES;
				ENABLE_TESTABILITY = YES;
				GCC_C_LANGUAGE_STANDARD = gnu11;
				GCC_DYNAMIC_NO_PIC = NO;
				GCC_NO_COMMON_BLOCKS = YES;
				GCC_OPTIMIZATION_LEVEL = 0;
				GCC_PREPROCESSOR_DEFINITIONS = (
					"DEBUG=1",
					"$(inherited)",
				);
				GCC_WARN_64_TO_32_BIT_CONVERSION = YES;
				GCC_WARN_ABOUT_RETURN_TYPE = YES_ERROR;
				GCC_WARN_UNDECLARED_SELECTOR = YES;
				GCC_WARN_UNINITIALIZED_AUTOS = YES_AGGRESSIVE;
				GCC_WARN_UNUSED_FUNCTION = YES;
				GCC_WARN_UNUSED_VARIABLE = YES;
				IPHONEOS_DEPLOYMENT_TARGET = 11.4;
				MTL_ENABLE_DEBUG_INFO = YES;
				ONLY_ACTIVE_ARCH = YES;
				SDKROOT = iphoneos;
				SWIFT_ACTIVE_COMPILATION_CONDITIONS = DEBUG;
				SWIFT_OPTIMIZATION_LEVEL = "-Onone";
			};
			name = Debug;
		};
		9F4D4945214280DA0088B0AD /* Release */ = {
			isa = XCBuildConfiguration;
			buildSettings = {
				ALWAYS_SEARCH_USER_PATHS = NO;
				CLANG_ANALYZER_NONNULL = YES;
				CLANG_ANALYZER_NUMBER_OBJECT_CONVERSION = YES_AGGRESSIVE;
				CLANG_CXX_LANGUAGE_STANDARD = "gnu++14";
				CLANG_CXX_LIBRARY = "libc++";
				CLANG_ENABLE_MODULES = YES;
				CLANG_ENABLE_OBJC_ARC = YES;
				CLANG_ENABLE_OBJC_WEAK = YES;
				CLANG_WARN_BLOCK_CAPTURE_AUTORELEASING = YES;
				CLANG_WARN_BOOL_CONVERSION = YES;
				CLANG_WARN_COMMA = YES;
				CLANG_WARN_CONSTANT_CONVERSION = YES;
				CLANG_WARN_DEPRECATED_OBJC_IMPLEMENTATIONS = YES;
				CLANG_WARN_DIRECT_OBJC_ISA_USAGE = YES_ERROR;
				CLANG_WARN_DOCUMENTATION_COMMENTS = YES;
				CLANG_WARN_EMPTY_BODY = YES;
				CLANG_WARN_ENUM_CONVERSION = YES;
				CLANG_WARN_INFINITE_RECURSION = YES;
				CLANG_WARN_INT_CONVERSION = YES;
				CLANG_WARN_NON_LITERAL_NULL_CONVERSION = YES;
				CLANG_WARN_OBJC_IMPLICIT_RETAIN_SELF = YES;
				CLANG_WARN_OBJC_LITERAL_CONVERSION = YES;
				CLANG_WARN_OBJC_ROOT_CLASS = YES_ERROR;
				CLANG_WARN_RANGE_LOOP_ANALYSIS = YES;
				CLANG_WARN_STRICT_PROTOTYPES = YES;
				CLANG_WARN_SUSPICIOUS_MOVE = YES;
				CLANG_WARN_UNGUARDED_AVAILABILITY = YES_AGGRESSIVE;
				CLANG_WARN_UNREACHABLE_CODE = YES;
				CLANG_WARN__DUPLICATE_METHOD_MATCH = YES;
				CODE_SIGN_IDENTITY = "iPhone Developer";
				COPY_PHASE_STRIP = NO;
				DEBUG_INFORMATION_FORMAT = "dwarf-with-dsym";
				ENABLE_NS_ASSERTIONS = NO;
				ENABLE_STRICT_OBJC_MSGSEND = YES;
				GCC_C_LANGUAGE_STANDARD = gnu11;
				GCC_NO_COMMON_BLOCKS = YES;
				GCC_WARN_64_TO_32_BIT_CONVERSION = YES;
				GCC_WARN_ABOUT_RETURN_TYPE = YES_ERROR;
				GCC_WARN_UNDECLARED_SELECTOR = YES;
				GCC_WARN_UNINITIALIZED_AUTOS = YES_AGGRESSIVE;
				GCC_WARN_UNUSED_FUNCTION = YES;
				GCC_WARN_UNUSED_VARIABLE = YES;
				IPHONEOS_DEPLOYMENT_TARGET = 11.4;
				MTL_ENABLE_DEBUG_INFO = NO;
				SDKROOT = iphoneos;
				SWIFT_COMPILATION_MODE = wholemodule;
				SWIFT_OPTIMIZATION_LEVEL = "-O";
				VALIDATE_PRODUCT = YES;
			};
			name = Release;
		};
		9F4D4947214280DA0088B0AD /* Debug */ = {
			isa = XCBuildConfiguration;
			buildSettings = {
				ASSETCATALOG_COMPILER_APPICON_NAME = AppIcon;
				CODE_SIGN_STYLE = Automatic;
				INFOPLIST_FILE = SampleApplication/Info.plist;
				LD_RUNPATH_SEARCH_PATHS = (
					"$(inherited)",
					"@executable_path/Frameworks",
				);
				PRODUCT_BUNDLE_IDENTIFIER = com.tech.SampleApplication;
				PRODUCT_NAME = "$(TARGET_NAME)";
				SWIFT_VERSION = 4.0;
				TARGETED_DEVICE_FAMILY = "1,2";
			};
			name = Debug;
		};
		9F4D4948214280DA0088B0AD /* Release */ = {
			isa = XCBuildConfiguration;
			buildSettings = {
				ASSETCATALOG_COMPILER_APPICON_NAME = AppIcon;
				CODE_SIGN_STYLE = Automatic;
				INFOPLIST_FILE = SampleApplication/Info.plist;
				LD_RUNPATH_SEARCH_PATHS = (
					"$(inherited)",
					"@executable_path/Frameworks",
				);
				PRODUCT_BUNDLE_IDENTIFIER = com.tech.SampleApplication;
				PRODUCT_NAME = "$(TARGET_NAME)";
				SWIFT_VERSION = 4.0;
				TARGETED_DEVICE_FAMILY = "1,2";
			};
			name = Release;
		};
		9F4D494A214280DA0088B0AD /* Debug */ = {
			isa = XCBuildConfiguration;
			buildSettings = {
				ALWAYS_EMBED_SWIFT_STANDARD_LIBRARIES = YES;
				BUNDLE_LOADER = "$(TEST_HOST)";
				CODE_SIGN_STYLE = Automatic;
				INFOPLIST_FILE = SampleApplicationTests/Info.plist;
				LD_RUNPATH_SEARCH_PATHS = (
					"$(inherited)",
					"@executable_path/Frameworks",
					"@loader_path/Frameworks",
				);
				PRODUCT_BUNDLE_IDENTIFIER = com.tech.SampleApplicationTests;
				PRODUCT_NAME = "$(TARGET_NAME)";
				SWIFT_VERSION = 4.0;
				TARGETED_DEVICE_FAMILY = "1,2";
				TEST_HOST = "$(BUILT_PRODUCTS_DIR)/SampleApplication.app/SampleApplication";
			};
			name = Debug;
		};
		9F4D494B214280DA0088B0AD /* Release */ = {
			isa = XCBuildConfiguration;
			buildSettings = {
				ALWAYS_EMBED_SWIFT_STANDARD_LIBRARIES = YES;
				BUNDLE_LOADER = "$(TEST_HOST)";
				CODE_SIGN_STYLE = Automatic;
				INFOPLIST_FILE = SampleApplicationTests/Info.plist;
				LD_RUNPATH_SEARCH_PATHS = (
					"$(inherited)",
					"@executable_path/Frameworks",
					"@loader_path/Frameworks",
				);
				PRODUCT_BUNDLE_IDENTIFIER = com.tech.SampleApplicationTests;
				PRODUCT_NAME = "$(TARGET_NAME)";
				SWIFT_VERSION = 4.0;
				TARGETED_DEVICE_FAMILY = "1,2";
				TEST_HOST = "$(BUILT_PRODUCTS_DIR)/SampleApplication.app/SampleApplication";
			};
			name = Release;
		};
		9F4D494D214280DA0088B0AD /* Debug */ = {
			isa = XCBuildConfiguration;
			buildSettings = {
				ALWAYS_EMBED_SWIFT_STANDARD_LIBRARIES = YES;
				CODE_SIGN_STYLE = Automatic;
				INFOPLIST_FILE = SampleApplicationUITests/Info.plist;
				LD_RUNPATH_SEARCH_PATHS = (
					"$(inherited)",
					"@executable_path/Frameworks",
					"@loader_path/Frameworks",
				);
				PRODUCT_BUNDLE_IDENTIFIER = com.tech.SampleApplicationUITests;
				PRODUCT_NAME = "$(TARGET_NAME)";
				SWIFT_VERSION = 4.0;
				TARGETED_DEVICE_FAMILY = "1,2";
				TEST_TARGET_NAME = SampleApplication;
			};
			name = Debug;
		};
		9F4D494E214280DA0088B0AD /* Release */ = {
			isa = XCBuildConfiguration;
			buildSettings = {
				ALWAYS_EMBED_SWIFT_STANDARD_LIBRARIES = YES;
				CODE_SIGN_STYLE = Automatic;
				INFOPLIST_FILE = SampleApplicationUITests/Info.plist;
				LD_RUNPATH_SEARCH_PATHS = (
					"$(inherited)",
					"@executable_path/Frameworks",
					"@loader_path/Frameworks",
				);
				PRODUCT_BUNDLE_IDENTIFIER = com.tech.SampleApplicationUITests;
				PRODUCT_NAME = "$(TARGET_NAME)";
				SWIFT_VERSION = 4.0;
				TARGETED_DEVICE_FAMILY = "1,2";
				TEST_TARGET_NAME = SampleApplication;
			};
			name = Release;
		};
/* End XCBuildConfiguration section */

/* Begin XCConfigurationList section */
		9F4D4919214280D90088B0AD /* Build configuration list for PBXProject "SampleApplication" */ = {
			isa = XCConfigurationList;
			buildConfigurations = (
				9F4D4944214280DA0088B0AD /* Debug */,
				9F4D4945214280DA0088B0AD /* Release */,
			);
			defaultConfigurationIsVisible = 0;
			defaultConfigurationName = Release;
		};
		9F4D4946214280DA0088B0AD /* Build configuration list for PBXNativeTarget "SampleApplication" */ = {
			isa = XCConfigurationList;
			buildConfigurations = (
				9F4D4947214280DA0088B0AD /* Debug */,
				9F4D4948214280DA0088B0AD /* Release */,
			);
			defaultConfigurationIsVisible = 0;
			defaultConfigurationName = Release;
		};
		9F4D4949214280DA0088B0AD /* Build configuration list for PBXNativeTarget "SampleApplicationTests" */ = {
			isa = XCConfigurationList;
			buildConfigurations = (
				9F4D494A214280DA0088B0AD /* Debug */,
				9F4D494B214280DA0088B0AD /* Release */,
			);
			defaultConfigurationIsVisible = 0;
			defaultConfigurationName = Release;
		};
		9F4D494C214280DA0088B0AD /* Build configuration list for PBXNativeTarget "SampleApplicationUITests" */ = {
			isa = XCConfigurationList;
			buildConfigurations = (
				9F4D494D214280DA0088B0AD /* Debug */,
				9F4D494E214280DA0088B0AD /* Release */,
			);
			defaultConfigurationIsVisible = 0;
			defaultConfigurationName = Release;
		};
/* End XCConfigurationList section */
	};
	rootObject = 9F4D4916214280D90088B0AD /* Project object */;
}
